version = 1
revision = 3
requires-python = ">=3.11"

[[package]]
name = "doit"
version = "0.37.0"
source = { registry = "https://pypi.org/simple" }
sdist = { url = "https://files.pythonhosted.org/packages/35/f6/3a817d438799bda4d4e5fd136175cf7c328c074fadc1422dec3b374907e7/doit-0.37.0.tar.gz", hash = "sha256:d3c72e0e46a8fa1ddabea8f830762402dee090caf33c30c2295ac7010db8f09c", size = 1450967, upload-time = "2026-02-09T07:02:15.578Z" }
wheels = [
    { url = "https://files.pythonhosted.org/packages/9c/38/3d6dcbf8379cb86d71a2325210ca3469a33767d8254b74d8c343db26ce87/doit-0.37.0-py3-none-any.whl", hash = "sha256:a9f181566aa90faac515e276f85e6526019554ed7e13c12cf9dc094ffecf3e1b", size = 85780, upload-time = "2026-02-09T07:02:10.155Z" },
]

[[package]]
name = "electron-jupyter-sandbox"
version = "1.0.0"
source = { virtual = "." }
dependencies = [
    { name = "jupyterlite-core" },
    { name = "jupyterlite-pyodide-kernel" },
]

[package.metadata]
requires-dist = [
    { name = "jupyterlite-core", specifier = ">=0.4.0" },
    { name = "jupyterlite-pyodide-kernel", specifier = ">=0.4.0" },
]

[[package]]
name = "jupyter-core"
version = "5.9.1"
source = { registry = "https://pypi.org/simple" }
dependencies = [
    { name = "platformdirs" },
    { name = "traitlets" },
]
sdist = { url = "https://files.pythonhosted.org/packages/02/49/9d1284d0dc65e2c757b74c6687b6d319b02f822ad039e5c512df9194d9dd/jupyter_core-5.9.1.tar.gz", hash = "sha256:4d09aaff303b9566c3ce657f580bd089ff5c91f5f89cf7d8846c3cdf465b5508", size = 89814, upload-time = "2025-10-16T19:19:18.444Z" }
wheels = [
    { url = "https://files.pythonhosted.org/packages/e7/e7/80988e32bf6f73919a113473a604f5a8f09094de312b9d52b79c2df7612b/jupyter_core-5.9.1-py3-none-any.whl", hash = "sha256:ebf87fdc6073d142e114c72c9e29a9d7ca03fad818c5d300ce2adc1fb0743407", size = 29032, upload-time = "2025-10-16T19:19:16.783Z" },
]

[[package]]
name = "jupyterlite-core"
version = "0.8.3"
source = { registry = "https://pypi.org/simple" }
dependencies = [
    { name = "doit" },
    { name = "jupyter-core" },
    { name = "pycparser", marker = "platform_python_implementation == 'PyPy'" },
]
sdist = { url = "https://files.pythonhosted.org/packages/72/31/9b18a4cac1925ca9229c62a0a734554c91f8795b19dc6e2be18084334a56/jupyterlite_core-0.8.3.tar.gz", hash = "sha256:92735e2de4e1f67b411a218094d609b21350327d46454d89de84f113cd8440ae", size = 15791222, upload-time = "2026-08-20T14:27:29.986Z" }
wheels = [
    { url = "https://files.pythonhosted.org/packages/c8/f1/c527ec3191c1d4f3019c4fdf08697adfdbb4054e31b0282b559cf15d4aa4/jupyterlite_core-0.8.3-py3-none-any.whl", hash = "sha256:f61b1dc434368794850dfeb9089e91bc86a2741dd6966e061edb028c8112c2e3", size = 15803305, upload-time = "2026-08-20T14:27:26.402Z" },
]

[[package]]
name = "jupyterlite-pyodide-kernel"
version = "0.8.5"
source = { registry = "https://pypi.org/simple" }
dependencies = [
    { name = "jupyterlite-core" },
    { name = "pkginfo" },
]
sdist = { url = "https://files.pythonhosted.org/packages/e5/53/968cf7766ff1454ed3620d7fcddac9d954808e6fc94d575e9cdf3887b272/jupyterlite_pyodide_kernel-0.8.5.tar.gz", hash = "sha256:f9d5b411ae30c6be1be26994597a5b6f0cdf50bdd7bf303e2146bfd370a67ec7", size = 208968, upload-time = "2026-08-21T06:27:51.492Z" }
wheels = [
    { url = "https://files.pythonhosted.org/packages/7c/8a/bbb03f742128df53b0aff54026918dc6ae7477aa2007e59bca7764f90c68/jupyterlite_pyodide_kernel-0.8.5-py3-none-any.whl", hash = "sha256:97b31147143f27ffd6d1b7fa46da5ec723c457f4a616ebcd7fd33f84117e7474", size = 222447, upload-time = "2026-08-21T06:27:49.206Z" },
]

[[package]]
name = "pkginfo"
version = "1.12.1.2"
source = { registry = "https://pypi.org/simple" }
sdist = { url = "https://files.pythonhosted.org/packages/24/03/e26bf3d6453b7fda5bd2b84029a426553bb373d6277ef6b5ac8863421f87/pkginfo-1.12.1.2.tar.gz", hash = "sha256:5cd957824ac36f140260964eba3c6be6442a8359b8c48f4adf90210f33a04b7b", size = 451828, upload-time = "2025-02-19T15:27:37.188Z" }
wheels = [
    { url = "https://files.pythonhosted.org/packages/fa/3d/f4f2ba829efb54b6cd2d91349c7463316a9cc55a43fc980447416c88540f/pkginfo-1.12.1.2-py3-none-any.whl", hash = "sha256:c783ac885519cab2c34927ccfa6bf64b5a704d7c69afaea583dd9b7afe969343", size = 32717, upload-time = "2025-02-19T15:27:33.071Z" },
]

[[package]]
name = "platformdirs"
version = "4.11.5"
source = { registry = "https://pypi.org/simple" }
sdist = { url = "https://files.pythonhosted.org/packages/ea/06/cf1564dcc2e2261c8c8c6c05628dc8b418943bdae2a4e58640ceb2f770fa/platformdirs-4.11.5.tar.gz", hash = "sha256:e8b31f4f8bcbbedef91a6b57a706255e4f148d2a4e01648382a0a47342539173", size = 34823, upload-time = "2026-08-27T21:36:37.46Z" }
wheels = [
    { url = "https://files.pythonhosted.org/packages/c7/12/6f3fcd5067a9cbf4f8664b32957973498da8b083455203c8d9cab83a725c/platformdirs-4.11.5-py3-none-any.whl", hash = "sha256:89f8d42695853b89c7170bd49bc3dc593f98a71e695ede88e06a3b247bc4563b", size = 23900, upload-time = "2026-08-27T21:36:36.227Z" },
]

[[package]]
name = "pycparser"
version = "3.0"
source = { registry = "https://pypi.org/simple" }
sdist = { url = "https://files.pythonhosted.org/packages/1b/7d/92392ff7815c21062bea51aa7b87d45576f649f16458d78b7cf94b9ab2e6/pycparser-3.0.tar.gz", hash = "sha256:600f49d217304a5902ac3c37e1281c9fe94e4d0489de643a9504c5cdfdfc6b29", size = 103492, upload-time = "2026-01-21T14:26:51.89Z" }
wheels = [
    { url = "https://files.pythonhosted.org/packages/0c/c3/44f3fbbfa403ea2a7c779186dc20772604442dde72947e7d01069cbe98e3/pycparser-3.0-py3-none-any.whl", hash = "sha256:b727414169a36b7d524c1c3e31839a521725078d7b2ff038656844266160a992", size = 48172, upload-time = "2026-01-21T14:26:50.693Z" },
]

[[package]]
name = "traitlets"
version = "5.16.1"
source = { registry = "https://pypi.org/simple" }
sdist = { url = "https://files.pythonhosted.org/packages/2c/2e/a7fbfe268c8a3b32546930c0297c101d65a4a14c304ad5790a9f478f0e4e/traitlets-5.16.1.tar.gz", hash = "sha256:ed900c2b631aa3a112811139fa97b8d2c3bad5e989656bba4b7e52c7852c18c1", size = 166137, upload-time = "2026-08-03T08:32:36.848Z" }
wheels = [
    { url = "https://files.pythonhosted.org/packages/ad/66/0d785f0bc5e4315a96c989bb476d0fc07ea4f85132550c7b156ca2035d52/traitlets-5.16.1-py3-none-any.whl", hash = "sha256:f775618166caa0396c8e337099240f2bd3e5e917d203b2e6fbe21a58d3cb1f6b", size = 86211, upload-time = "2026-08-03T08:32:34.48Z" },
]
